
Microsoft Visual Studio Solution File, Format Version 12.00
# Visual Studio 15
VisualStudioVersion = 15.0.28010.2048
MinimumVisualStudioVersion = 10.0.40219.1
Project("{FAE04EC0-301F-11D3-BF4B-00C04F79EFBC}") = "CapaDatos", "ClassLibrary1\CapaDatos.csproj", "{DCB038DD-CB9B-407D-BE7F-380E9C76E961}"
EndProject
Project("{FAE04EC0-301F-11D3-BF4B-00C04F79EFBC}") = "CapaEntidades", "CapaEntidades\CapaEntidades.csproj", "{C1D55D32-FC96-44EA-9BDD-EF85E379D9F4}"
EndProject
Project("{FAE04EC0-301F-11D3-BF4B-00C04F79EFBC}") = "CapaNegocios", "CapaNegocios\CapaNegocios.csproj", "{6C0785D2-24C0-409F-895E-F501CF2166CE}"
EndProject
Project("{FAE04EC0-301F-11D3-BF4B-00C04F79EFBC}") = "CapaPresentacion", "CapaPresentacion\CapaPresentacion.csproj", "{8E9DE5F1-5271-46A8-AB37-AE443919FFA8}"
EndProject
Global
	GlobalSection(SolutionConfigurationPlatforms) = preSolution
		Debug|Any CPU = Debug|Any CPU
		Release|Any CPU = Release|Any CPU
	EndGlobalSection
	GlobalSection(ProjectConfigurationPlatforms) = postSolution
		{DCB038DD-CB9B-407D-BE7F-380E9C76E961}.Debug|Any CPU.ActiveCfg = Debug|Any CPU
		{DCB038DD-CB9B-407D-BE7F-380E9C76E961}.Debug|Any CPU.Build.0 = Debug|Any CPU
		{DCB038DD-CB9B-407D-BE7F-380E9C76E961}.Release|Any CPU.ActiveCfg = Release|Any CPU
		{DCB038DD-CB9B-407D-BE7F-380E9C76E961}.Release|Any CPU.Build.0 = Release|Any CPU
		{C1D55D32-FC96-44EA-9BDD-EF85E379D9F4}.Debug|Any CPU.ActiveCfg = Debug|Any CPU
		{C1D55D32-FC96-44EA-9BDD-EF85E379D9F4}.Debug|Any CPU.Build.0 = Debug|Any CPU
		{C1D55D32-FC96-44EA-9BDD-EF85E379D9F4}.Release|Any CPU.ActiveCfg = Release|Any CPU
		{C1D55D32-FC96-44EA-9BDD-EF85E379D9F4}.Release|Any CPU.Build.0 = Release|Any CPU
		{6C0785D2-24C0-409F-895E-F501CF2166CE}.Debug|Any CPU.ActiveCfg = Debug|Any CPU
		{6C0785D2-24C0-409F-895E-F501CF2166CE}.Debug|Any CPU.Build.0 = Debug|Any CPU
		{6C0785D2-24C0-409F-895E-F501CF2166CE}.Release|Any CPU.ActiveCfg = Release|Any CPU
		{6C0785D2-24C0-409F-895E-F501CF2166CE}.Release|Any CPU.Build.0 = Release|Any CPU
		{8E9DE5F1-5271-46A8-AB37-AE443919FFA8}.Debug|Any CPU.ActiveCfg = Debug|Any CPU
		{8E9DE5F1-5271-46A8-AB37-AE443919FFA8}.Debug|Any CPU.Build.0 = Debug|Any CPU
		{8E9DE5F1-5271-46A8-AB37-AE443919FFA8}.Release|Any CPU.ActiveCfg = Release|Any CPU
		{8E9DE5F1-5271-46A8-AB37-AE443919FFA8}.Release|Any CPU.Build.0 = Release|Any CPU
	EndGlobalSection
	GlobalSection(SolutionProperties) = preSolution
		HideSolutionNode = FALSE
	EndGlobalSection
	GlobalSection(ExtensibilityGlobals) = postSolution
		SolutionGuid = {2486197C-4137-49B7-A1D5-4116BA41D27E}
	EndGlobalSection
EndGlobal
